
Microsoft Visual Studio Solution File, Format Version 12.00
# Visual Studio Version 16
VisualStudioVersion = 16.0.30717.126
MinimumVisualStudioVersion = 10.0.40219.1
Project("{9A19103F-16F7-4668-BE54-9A1E7A4F7556}") = "SESClient", "SESClient.csproj", "{F6D88CAC-5B90-4935-8497-E4E4563B3389}"
EndProject
Project("{FAE04EC0-301F-11D3-BF4B-00C04F79EFBC}") = "QuickTesting", "..\QuickTesting\QuickTesting.csproj", "{70D3A0E9-450D-43F2-8C6F-2B4DBC440C57}"
EndProject
Global
	GlobalSection(SolutionConfigurationPlatforms) = preSolution
		Debug|Any CPU = Debug|Any CPU
		Release|Any CPU = Release|Any CPU
	EndGlobalSection
	GlobalSection(ProjectConfigurationPlatforms) = postSolution
		{F6D88CAC-5B90-4935-8497-E4E4563B3389}.Debug|Any CPU.ActiveCfg = Debug|Any CPU
		{F6D88CAC-5B90-4935-8497-E4E4563B3389}.Debug|Any CPU.Build.0 = Debug|Any CPU
		{F6D88CAC-5B90-4935-8497-E4E4563B3389}.Release|Any CPU.ActiveCfg = Release|Any CPU
		{F6D88CAC-5B90-4935-8497-E4E4563B3389}.Release|Any CPU.Build.0 = Release|Any CPU
		{70D3A0E9-450D-43F2-8C6F-2B4DBC440C57}.Debug|Any CPU.ActiveCfg = Debug|Any CPU
		{70D3A0E9-450D-43F2-8C6F-2B4DBC440C57}.Debug|Any CPU.Build.0 = Debug|Any CPU
		{70D3A0E9-450D-43F2-8C6F-2B4DBC440C57}.Release|Any CPU.ActiveCfg = Release|Any CPU
		{70D3A0E9-450D-43F2-8C6F-2B4DBC440C57}.Release|Any CPU.Build.0 = Release|Any CPU
	EndGlobalSection
	GlobalSection(SolutionProperties) = preSolution
		HideSolutionNode = FALSE
	EndGlobalSection
	GlobalSection(ExtensibilityGlobals) = postSolution
		SolutionGuid = {0BCA690D-57FF-4ABD-B8C7-CE9297837FF2}
	EndGlobalSection
EndGlobal
